
Microsoft Visual Studio Solution File, Format Version 12.00
# Visual Studio 15
Project("{8BC9CEB8-8B4A-11D0-8D11-00A0C91BC942}") = "EngineLib", "EngineLib.vcxproj", "{32CF8BD1-9E39-4048-E777-F1ED53211E9D}"
EndProject
Global
	GlobalSection(SolutionConfigurationPlatforms) = preSolution
		Debug-DX12|Win32 = Debug-DX12|Win32
		Debug-GL4|Win32 = Debug-GL4|Win32
		Debug-GLES2|Win32 = Debug-GLES2|Win32
		Debug-VK|Win32 = Debug-VK|Win32
		Release-DX12|Win32 = Release-DX12|Win32
		Release-GL4|Win32 = Release-GL4|Win32
		Release-GLES2|Win32 = Release-GLES2|Win32
		Release-VK|Win32 = Release-VK|Win32
		ResourceBuilder|Win32 = ResourceBuilder|Win32
		unit-test|Win32 = unit-test|Win32
	EndGlobalSection
	GlobalSection(ProjectConfigurationPlatforms) = postSolution
		{32CF8BD1-9E39-4048-E777-F1ED53211E9D}.Debug-DX12|Win32.ActiveCfg = Debug-DX12|Win32
		{32CF8BD1-9E39-4048-E777-F1ED53211E9D}.Debug-DX12|Win32.Build.0 = Debug-DX12|Win32
		{32CF8BD1-9E39-4048-E777-F1ED53211E9D}.Debug-GL4|Win32.ActiveCfg = Debug-GL4|Win32
		{32CF8BD1-9E39-4048-E777-F1ED53211E9D}.Debug-GL4|Win32.Build.0 = Debug-GL4|Win32
		{32CF8BD1-9E39-4048-E777-F1ED53211E9D}.Debug-GLES2|Win32.ActiveCfg = Debug-GLES2|Win32
		{32CF8BD1-9E39-4048-E777-F1ED53211E9D}.Debug-GLES2|Win32.Build.0 = Debug-GLES2|Win32
		{32CF8BD1-9E39-4048-E777-F1ED53211E9D}.Debug-VK|Win32.ActiveCfg = Debug-VK|Win32
		{32CF8BD1-9E39-4048-E777-F1ED53211E9D}.Debug-VK|Win32.Build.0 = Debug-VK|Win32
		{32CF8BD1-9E39-4048-E777-F1ED53211E9D}.Release-DX12|Win32.ActiveCfg = Release-DX12|Win32
		{32CF8BD1-9E39-4048-E777-F1ED53211E9D}.Release-DX12|Win32.Build.0 = Release-DX12|Win32
		{32CF8BD1-9E39-4048-E777-F1ED53211E9D}.Release-GL4|Win32.ActiveCfg = Release-GL4|Win32
		{32CF8BD1-9E39-4048-E777-F1ED53211E9D}.Release-GL4|Win32.Build.0 = Release-GL4|Win32
		{32CF8BD1-9E39-4048-E777-F1ED53211E9D}.Release-GLES2|Win32.ActiveCfg = Release-GLES2|Win32
		{32CF8BD1-9E39-4048-E777-F1ED53211E9D}.Release-GLES2|Win32.Build.0 = Release-GLES2|Win32
		{32CF8BD1-9E39-4048-E777-F1ED53211E9D}.Release-VK|Win32.ActiveCfg = Release-VK|Win32
		{32CF8BD1-9E39-4048-E777-F1ED53211E9D}.Release-VK|Win32.Build.0 = Release-VK|Win32
		{32CF8BD1-9E39-4048-E777-F1ED53211E9D}.ResourceBuilder|Win32.ActiveCfg = ResourceBuilder|Win32
		{32CF8BD1-9E39-4048-E777-F1ED53211E9D}.ResourceBuilder|Win32.Build.0 = ResourceBuilder|Win32
		{32CF8BD1-9E39-4048-E777-F1ED53211E9D}.unit-test|Win32.ActiveCfg = unit-test|Win32
		{32CF8BD1-9E39-4048-E777-F1ED53211E9D}.unit-test|Win32.Build.0 = unit-test|Win32
	EndGlobalSection
	GlobalSection(SolutionProperties) = preSolution
		HideSolutionNode = FALSE
	EndGlobalSection
EndGlobal
