// !$*UTF8*$!
{
	archiveVersion = 1;
	classes = {
	};
	objectVersion = 46;
	objects = {

/* Begin PBXBuildFile section */
		32F248211EA433F200D19613 /* AppDelegate.m in Sources */ = {isa = PBXBuildFile; fileRef = 32F248201EA433F200D19613 /* AppDelegate.m */; };
		32F248241EA433F200D19613 /* main.m in Sources */ = {isa = PBXBuildFile; fileRef = 32F248231EA433F200D19613 /* main.m */; };
		32F248271EA433F200D19613 /* ViewController.m in Sources */ = {isa = PBXBuildFile; fileRef = 32F248261EA433F200D19613 /* ViewController.m */; };
		32F248291EA433F200D19613 /* Assets.xcassets in Resources */ = {isa = PBXBuildFile; fileRef = 32F248281EA433F200D19613 /* Assets.xcassets */; };
		32F2482C1EA433F200D19613 /* Main.storyboard in Resources */ = {isa = PBXBuildFile; fileRef = 32F2482A1EA433F200D19613 /* Main.storyboard */; };
		32F24BA21EA4345000D19613 /* APPLICATION_CONFIGURATION.cpp in Sources */ = {isa = PBXBuildFile; fileRef = 32F24B991EA4345000D19613 /* APPLICATION_CONFIGURATION.cpp */; };
		32F24BA31EA4345000D19613 /* RUN3D_APPLICATION.cpp in Sources */ = {isa = PBXBuildFile; fileRef = 32F24B9B1EA4345000D19613 /* RUN3D_APPLICATION.cpp */; };
		5F76D0761F71B49C004BEF48 /* UI_MAIN_MENU.cpp in Sources */ = {isa = PBXBuildFile; fileRef = 5F76D0741F71B49C004BEF48 /* UI_MAIN_MENU.cpp */; };
		5F76D07A1F71B8ED004BEF48 /* PHYSICS_COLLISION_FILTER.cpp in Sources */ = {isa = PBXBuildFile; fileRef = 5F76D0781F71B8ED004BEF48 /* PHYSICS_COLLISION_FILTER.cpp */; };
		5F92D9191F12E09500292A99 /* R3D_GAMEPLAY_GAME.cpp in Sources */ = {isa = PBXBuildFile; fileRef = 5F92D9171F12E09500292A99 /* R3D_GAMEPLAY_GAME.cpp */; };
		5F92D91C1F12E0A400292A99 /* R3D_GAMEPLAY_GAME_PROGRESSION.cpp in Sources */ = {isa = PBXBuildFile; fileRef = 5F92D91A1F12E0A400292A99 /* R3D_GAMEPLAY_GAME_PROGRESSION.cpp */; };
		5F92D91F1F12E0C400292A99 /* R3D_LEVEL.cpp in Sources */ = {isa = PBXBuildFile; fileRef = 5F92D91D1F12E0C400292A99 /* R3D_LEVEL.cpp */; };
		5F92D9221F12E0D200292A99 /* R3D_LEVEL_CHECKPOINT.cpp in Sources */ = {isa = PBXBuildFile; fileRef = 5F92D9201F12E0D200292A99 /* R3D_LEVEL_CHECKPOINT.cpp */; };
		5F92D9251F12E0E100292A99 /* R3D_LEVEL_STARTER.cpp in Sources */ = {isa = PBXBuildFile; fileRef = 5F92D9231F12E0E100292A99 /* R3D_LEVEL_STARTER.cpp */; };
		5F92D9281F12E0F000292A99 /* R3D_LEVEL_TRACK.cpp in Sources */ = {isa = PBXBuildFile; fileRef = 5F92D9261F12E0F000292A99 /* R3D_LEVEL_TRACK.cpp */; };
		5F92D92B1F12E11600292A99 /* R3D_PLAYER.cpp in Sources */ = {isa = PBXBuildFile; fileRef = 5F92D9291F12E11600292A99 /* R3D_PLAYER.cpp */; };
		5F92D92E1F12E12200292A99 /* R3D_PLAYER_SHIP.cpp in Sources */ = {isa = PBXBuildFile; fileRef = 5F92D92C1F12E12200292A99 /* R3D_PLAYER_SHIP.cpp */; };
		5F92D9311F12E12D00292A99 /* R3D_PLAYER_PART.cpp in Sources */ = {isa = PBXBuildFile; fileRef = 5F92D92F1F12E12D00292A99 /* R3D_PLAYER_PART.cpp */; };
		5F92D9351F12E15C00292A99 /* R3D_AUDIO_MUSIC_MANAGER.cpp in Sources */ = {isa = PBXBuildFile; fileRef = 5F92D9331F12E15C00292A99 /* R3D_AUDIO_MUSIC_MANAGER.cpp */; };
		5F92D9381F12E1E100292A99 /* R3D_PLAYER_PARTS_COLLECTION.cpp in Sources */ = {isa = PBXBuildFile; fileRef = 5F92D9361F12E1E100292A99 /* R3D_PLAYER_PARTS_COLLECTION.cpp */; };
		5F92D93B1F12E1ED00292A99 /* R3D_PLAYER_SHIPS_COLLECTION.cpp in Sources */ = {isa = PBXBuildFile; fileRef = 5F92D9391F12E1ED00292A99 /* R3D_PLAYER_SHIPS_COLLECTION.cpp */; };
		5F92D93F1F12E65100292A99 /* LEVEL_ENVIRONMENT.cpp in Sources */ = {isa = PBXBuildFile; fileRef = 5F92D93D1F12E65100292A99 /* LEVEL_ENVIRONMENT.cpp */; };
		5F92DBA21F16472A00292A99 /* AppKit.framework in Frameworks */ = {isa = PBXBuildFile; fileRef = 5F92DBA11F16472A00292A99 /* AppKit.framework */; };
		5F92DBA41F16472F00292A99 /* Carbon.framework in Frameworks */ = {isa = PBXBuildFile; fileRef = 5F92DBA31F16472F00292A99 /* Carbon.framework */; };
		5F92DBA61F16473500292A99 /* CoreAudio.framework in Frameworks */ = {isa = PBXBuildFile; fileRef = 5F92DBA51F16473500292A99 /* CoreAudio.framework */; };
		5F92DBA81F16473B00292A99 /* libz.tbd in Frameworks */ = {isa = PBXBuildFile; fileRef = 5F92DBA71F16473B00292A99 /* libz.tbd */; };
		5F92DBAA1F16475B00292A99 /* Cocoa.framework in Frameworks */ = {isa = PBXBuildFile; fileRef = 5F92DBA91F16475B00292A99 /* Cocoa.framework */; };
		5F92DBAC1F16478500292A99 /* OpenGL.framework in Frameworks */ = {isa = PBXBuildFile; fileRef = 5F92DBAB1F16478500292A99 /* OpenGL.framework */; };
		5F92DBAE1F16478900292A99 /* AVFoundation.framework in Frameworks */ = {isa = PBXBuildFile; fileRef = 5F92DBAD1F16478900292A99 /* AVFoundation.framework */; };
		5F92DBB01F16479D00292A99 /* GLKit.framework in Frameworks */ = {isa = PBXBuildFile; fileRef = 5F92DBAF1F16479D00292A99 /* GLKit.framework */; };
		5F92DC5E1F16497D00292A99 /* libBox2D.a in Frameworks */ = {isa = PBXBuildFile; fileRef = 5F92DBF41F16497D00292A99 /* libBox2D.a */; };
		5F92DC5F1F16497D00292A99 /* libbuffer.a in Frameworks */ = {isa = PBXBuildFile; fileRef = 5F92DBF51F16497D00292A99 /* libbuffer.a */; };
		5F92DC601F16497D00292A99 /* libBullet2FileLoader.a in Frameworks */ = {isa = PBXBuildFile; fileRef = 5F92DBF61F16497D00292A99 /* libBullet2FileLoader.a */; };
		5F92DC611F16497D00292A99 /* libBullet3AppSupport.a in Frameworks */ = {isa = PBXBuildFile; fileRef = 5F92DBF71F16497D00292A99 /* libBullet3AppSupport.a */; };
		5F92DC621F16497D00292A99 /* libBullet3Collision.a in Frameworks */ = {isa = PBXBuildFile; fileRef = 5F92DBF81F16497D00292A99 /* libBullet3Collision.a */; };
		5F92DC631F16497D00292A99 /* libBullet3Common.a in Frameworks */ = {isa = PBXBuildFile; fileRef = 5F92DBF91F16497D00292A99 /* libBullet3Common.a */; };
		5F92DC641F16497D00292A99 /* libBullet3Dynamics.a in Frameworks */ = {isa = PBXBuildFile; fileRef = 5F92DBFA1F16497D00292A99 /* libBullet3Dynamics.a */; };
		5F92DC651F16497D00292A99 /* libBullet3Geometry.a in Frameworks */ = {isa = PBXBuildFile; fileRef = 5F92DBFB1F16497D00292A99 /* libBullet3Geometry.a */; };
		5F92DC661F16497D00292A99 /* libBullet3OpenCL_clew.a in Frameworks */ = {isa = PBXBuildFile; fileRef = 5F92DBFC1F16497D00292A99 /* libBullet3OpenCL_clew.a */; };
		5F92DC671F16497D00292A99 /* libBulletCollision.a in Frameworks */ = {isa = PBXBuildFile; fileRef = 5F92DBFD1F16497D00292A99 /* libBulletCollision.a */; };
		5F92DC681F16497D00292A99 /* libBulletDynamics.a in Frameworks */ = {isa = PBXBuildFile; fileRef = 5F92DBFE1F16497D00292A99 /* libBulletDynamics.a */; };
		5F92DC691F16497D00292A99 /* libBulletFileLoader.a in Frameworks */ = {isa = PBXBuildFile; fileRef = 5F92DBFF1F16497D00292A99 /* libBulletFileLoader.a */; };
		5F92DC6A1F16497D00292A99 /* libBulletSoftBody.a in Frameworks */ = {isa = PBXBuildFile; fileRef = 5F92DC001F16497D00292A99 /* libBulletSoftBody.a */; };
		5F92DC6B1F16497D00292A99 /* libBulletWorldImporter.a in Frameworks */ = {isa = PBXBuildFile; fileRef = 5F92DC011F16497D00292A99 /* libBulletWorldImporter.a */; };
		5F92DC6C1F16497D00292A99 /* libBulletXmlWorldImporter.a in Frameworks */ = {isa = PBXBuildFile; fileRef = 5F92DC021F16497D00292A99 /* libBulletXmlWorldImporter.a */; };
		5F92DC6D1F16497D00292A99 /* libCOLLADABaseUtils.a in Frameworks */ = {isa = PBXBuildFile; fileRef = 5F92DC031F16497D00292A99 /* libCOLLADABaseUtils.a */; };
		5F92DC6E1F16497D00292A99 /* libCOLLADAFramework.a in Frameworks */ = {isa = PBXBuildFile; fileRef = 5F92DC041F16497D00292A99 /* libCOLLADAFramework.a */; };
		5F92DC6F1F16497D00292A99 /* libCOLLADASaxFrameworkLoader.a in Frameworks */ = {isa = PBXBuildFile; fileRef = 5F92DC051F16497D00292A99 /* libCOLLADASaxFrameworkLoader.a */; };
		5F92DC701F16497D00292A99 /* libConvexDecomposition.a in Frameworks */ = {isa = PBXBuildFile; fileRef = 5F92DC061F16497D00292A99 /* libConvexDecomposition.a */; };
		5F92DC711F16497D00292A99 /* libfreetype.a in Frameworks */ = {isa = PBXBuildFile; fileRef = 5F92DC071F16497D00292A99 /* libfreetype.a */; };
		5F92DC721F16497D00292A99 /* libftoa.a in Frameworks */ = {isa = PBXBuildFile; fileRef = 5F92DC081F16497D00292A99 /* libftoa.a */; };
		5F92DC731F16497D00292A99 /* libGeneratedSaxParser.a in Frameworks */ = {isa = PBXBuildFile; fileRef = 5F92DC091F16497D00292A99 /* libGeneratedSaxParser.a */; };
		5F92DC741F16497D00292A99 /* libGIMPACTUtils.a in Frameworks */ = {isa = PBXBuildFile; fileRef = 5F92DC0A1F16497D00292A99 /* libGIMPACTUtils.a */; };
		5F92DC751F16497D00292A99 /* libGLUI.a in Frameworks */ = {isa = PBXBuildFile; fileRef = 5F92DC0B1F16497D00292A99 /* libGLUI.a */; };
		5F92DC761F16497D00292A99 /* libgtest.a in Frameworks */ = {isa = PBXBuildFile; fileRef = 5F92DC0C1F16497D00292A99 /* libgtest.a */; };
		5F92DC771F16497D00292A99 /* libgwen.a in Frameworks */ = {isa = PBXBuildFile; fileRef = 5F92DC0D1F16497D00292A99 /* libgwen.a */; };
		5F92DC781F16497D00292A99 /* libHACD.a in Frameworks */ = {isa = PBXBuildFile; fileRef = 5F92DC0E1F16497D00292A99 /* libHACD.a */; };
		5F92DC791F16497D00292A99 /* libLIB.a in Frameworks */ = {isa = PBXBuildFile; fileRef = 5F92DC0F1F16497D00292A99 /* libLIB.a */; };
		5F92DC7A1F16497D00292A99 /* libLinearMath.a in Frameworks */ = {isa = PBXBuildFile; fileRef = 5F92DC101F16497D00292A99 /* libLinearMath.a */; };
		5F92DC7B1F16497D00292A99 /* liblua-5.2.3.a in Frameworks */ = {isa = PBXBuildFile; fileRef = 5F92DC111F16497D00292A99 /* liblua-5.2.3.a */; };
		5F92DC7C1F16497D00292A99 /* liblua.a in Frameworks */ = {isa = PBXBuildFile; fileRef = 5F92DC121F16497D00292A99 /* liblua.a */; };
		5F92DC7D1F16497D00292A99 /* libMathMLSolver.a in Frameworks */ = {isa = PBXBuildFile; fileRef = 5F92DC131F16497D00292A99 /* libMathMLSolver.a */; };
		5F92DC7E1F16497D00292A99 /* libOpenCOLLADABaseUtils.a in Frameworks */ = {isa = PBXBuildFile; fileRef = 5F92DC141F16497D00292A99 /* libOpenCOLLADABaseUtils.a */; };
		5F92DC7F1F16497D00292A99 /* libOpenCOLLADAFramework.a in Frameworks */ = {isa = PBXBuildFile; fileRef = 5F92DC151F16497D00292A99 /* libOpenCOLLADAFramework.a */; };
		5F92DC801F16497D00292A99 /* libOpenCOLLADASaxFrameworkLoader.a in Frameworks */ = {isa = PBXBuildFile; fileRef = 5F92DC161F16497D00292A99 /* libOpenCOLLADASaxFrameworkLoader.a */; };
		5F92DC811F16497D00292A99 /* libOpenCOLLADAStreamWriter.a in Frameworks */ = {isa = PBXBuildFile; fileRef = 5F92DC171F16497D00292A99 /* libOpenCOLLADAStreamWriter.a */; };
		5F92DC821F16497D00292A99 /* libOpenGLSupport.a in Frameworks */ = {isa = PBXBuildFile; fileRef = 5F92DC181F16497D00292A99 /* libOpenGLSupport.a */; };
		5F92DC831F16497D00292A99 /* libOpenGLWindow.a in Frameworks */ = {isa = PBXBuildFile; fileRef = 5F92DC191F16497D00292A99 /* libOpenGLWindow.a */; };
		5F92DC841F16497D00292A99 /* libpcre.a in Frameworks */ = {isa = PBXBuildFile; fileRef = 5F92DC1A1F16497D00292A99 /* libpcre.a */; };
		5F92DC851F16497D00292A99 /* libpng.a in Frameworks */ = {isa = PBXBuildFile; fileRef = 5F92DC1B1F16497D00292A99 /* libpng.a */; };
		5F92DC861F16497D00292A99 /* libUTF.a in Frameworks */ = {isa = PBXBuildFile; fileRef = 5F92DC1C1F16497D00292A99 /* libUTF.a */; };
		5F92DC871F16497D00292A99 /* libuv.a in Frameworks */ = {isa = PBXBuildFile; fileRef = 5F92DC1D1F16497D00292A99 /* libuv.a */; };
		5F92DC881F16497D00292A99 /* libz.a in Frameworks */ = {isa = PBXBuildFile; fileRef = 5F92DC1E1F16497D00292A99 /* libz.a */; };
		5F92DC8A1F1649BF00292A99 /* AudioToolbox.framework in Frameworks */ = {isa = PBXBuildFile; fileRef = 5F92DC891F1649BF00292A99 /* AudioToolbox.framework */; };
		5F92DC8C1F1649CB00292A99 /* OpenAL.framework in Frameworks */ = {isa = PBXBuildFile; fileRef = 5F92DC8B1F1649CB00292A99 /* OpenAL.framework */; };
		5FD11D0C1F16A1A70092E3A7 /* SKYDOME.cpp in Sources */ = {isa = PBXBuildFile; fileRef = 5FD11D0A1F16A1A70092E3A7 /* SKYDOME.cpp */; };
		5FD11D0F1F16A1AF0092E3A7 /* TERRAIN.cpp in Sources */ = {isa = PBXBuildFile; fileRef = 5FD11D0D1F16A1AF0092E3A7 /* TERRAIN.cpp */; };
		5FD11D131F17954C0092E3A7 /* R3D_PLAYER_INPUT.cpp in Sources */ = {isa = PBXBuildFile; fileRef = 5FD11D111F17954C0092E3A7 /* R3D_PLAYER_INPUT.cpp */; };
		5FD11D2C1F1B7EA90092E3A7 /* R3D_RENDER.cpp in Sources */ = {isa = PBXBuildFile; fileRef = 5FD11D2A1F1B7EA90092E3A7 /* R3D_RENDER.cpp */; };
		5FD11D2F1F1B820B0092E3A7 /* R3D_RESOURCES.cpp in Sources */ = {isa = PBXBuildFile; fileRef = 5FD11D2D1F1B820B0092E3A7 /* R3D_RESOURCES.cpp */; };
		5FD11D331F1B9DB00092E3A7 /* GAMEPLAY_HELPER.cpp in Sources */ = {isa = PBXBuildFile; fileRef = 5FD11D311F1B9DB00092E3A7 /* GAMEPLAY_HELPER.cpp */; };
/* End PBXBuildFile section */

/* Begin PBXFileReference section */
		32F2481C1EA433F200D19613 /* RUN3D.app */ = {isa = PBXFileReference; explicitFileType = wrapper.application; includeInIndex = 0; path = RUN3D.app; sourceTree = BUILT_PRODUCTS_DIR; };
		32F2481F1EA433F200D19613 /* AppDelegate.h */ = {isa = PBXFileReference; lastKnownFileType = sourcecode.c.h; path = AppDelegate.h; sourceTree = "<group>"; };
		32F248201EA433F200D19613 /* AppDelegate.m */ = {isa = PBXFileReference; explicitFileType = sourcecode.cpp.objcpp; path = AppDelegate.m; sourceTree = "<group>"; };
		32F248231EA433F200D19613 /* main.m */ = {isa = PBXFileReference; lastKnownFileType = sourcecode.c.objc; path = main.m; sourceTree = "<group>"; };
		32F248251EA433F200D19613 /* ViewController.h */ = {isa = PBXFileReference; lastKnownFileType = sourcecode.c.h; path = ViewController.h; sourceTree = "<group>"; };
		32F248261EA433F200D19613 /* ViewController.m */ = {isa = PBXFileReference; explicitFileType = sourcecode.cpp.objcpp; path = ViewController.m; sourceTree = "<group>"; };
		32F248281EA433F200D19613 /* Assets.xcassets */ = {isa = PBXFileReference; lastKnownFileType = folder.assetcatalog; path = Assets.xcassets; sourceTree = "<group>"; };
		32F2482B1EA433F200D19613 /* Base */ = {isa = PBXFileReference; lastKnownFileType = file.storyboard; name = Base; path = Base.lproj/Main.storyboard; sourceTree = "<group>"; };
		32F2482D1EA433F200D19613 /* Info.plist */ = {isa = PBXFileReference; lastKnownFileType = text.plist.xml; path = Info.plist; sourceTree = "<group>"; };
		32F24B991EA4345000D19613 /* APPLICATION_CONFIGURATION.cpp */ = {isa = PBXFileReference; fileEncoding = 4; lastKnownFileType = sourcecode.cpp.cpp; path = APPLICATION_CONFIGURATION.cpp; sourceTree = "<group>"; };
		32F24B9A1EA4345000D19613 /* APPLICATION_CONFIGURATION.h */ = {isa = PBXFileReference; fileEncoding = 4; lastKnownFileType = sourcecode.c.h; path = APPLICATION_CONFIGURATION.h; sourceTree = "<group>"; };
		32F24B9B1EA4345000D19613 /* RUN3D_APPLICATION.cpp */ = {isa = PBXFileReference; fileEncoding = 4; lastKnownFileType = sourcecode.cpp.cpp; path = RUN3D_APPLICATION.cpp; sourceTree = "<group>"; };
		32F24B9C1EA4345000D19613 /* RUN3D_APPLICATION.h */ = {isa = PBXFileReference; fileEncoding = 4; lastKnownFileType = sourcecode.c.h; path = RUN3D_APPLICATION.h; sourceTree = "<group>"; };
		5F76D0741F71B49C004BEF48 /* UI_MAIN_MENU.cpp */ = {isa = PBXFileReference; fileEncoding = 4; lastKnownFileType = sourcecode.cpp.cpp; path = UI_MAIN_MENU.cpp; sourceTree = "<group>"; };
		5F76D0751F71B49C004BEF48 /* UI_MAIN_MENU.h */ = {isa = PBXFileReference; fileEncoding = 4; lastKnownFileType = sourcecode.c.h; path = UI_MAIN_MENU.h; sourceTree = "<group>"; };
		5F76D0781F71B8ED004BEF48 /* PHYSICS_COLLISION_FILTER.cpp */ = {isa = PBXFileReference; fileEncoding = 4; lastKnownFileType = sourcecode.cpp.cpp; path = PHYSICS_COLLISION_FILTER.cpp; sourceTree = "<group>"; };
		5F76D0791F71B8ED004BEF48 /* PHYSICS_COLLISION_FILTER.h */ = {isa = PBXFileReference; fileEncoding = 4; lastKnownFileType = sourcecode.c.h; path = PHYSICS_COLLISION_FILTER.h; sourceTree = "<group>"; };
		5F92D9171F12E09500292A99 /* R3D_GAMEPLAY_GAME.cpp */ = {isa = PBXFileReference; fileEncoding = 4; lastKnownFileType = sourcecode.cpp.cpp; path = R3D_GAMEPLAY_GAME.cpp; sourceTree = "<group>"; };
		5F92D9181F12E09500292A99 /* R3D_GAMEPLAY_GAME.h */ = {isa = PBXFileReference; fileEncoding = 4; lastKnownFileType = sourcecode.c.h; path = R3D_GAMEPLAY_GAME.h; sourceTree = "<group>"; };
		5F92D91A1F12E0A400292A99 /* R3D_GAMEPLAY_GAME_PROGRESSION.cpp */ = {isa = PBXFileReference; fileEncoding = 4; lastKnownFileType = sourcecode.cpp.cpp; path = R3D_GAMEPLAY_GAME_PROGRESSION.cpp; sourceTree = "<group>"; };
		5F92D91B1F12E0A400292A99 /* R3D_GAMEPLAY_GAME_PROGRESSION.h */ = {isa = PBXFileReference; fileEncoding = 4; lastKnownFileType = sourcecode.c.h; path = R3D_GAMEPLAY_GAME_PROGRESSION.h; sourceTree = "<group>"; };
		5F92D91D1F12E0C400292A99 /* R3D_LEVEL.cpp */ = {isa = PBXFileReference; fileEncoding = 4; lastKnownFileType = sourcecode.cpp.cpp; path = R3D_LEVEL.cpp; sourceTree = "<group>"; };
		5F92D91E1F12E0C400292A99 /* R3D_LEVEL.h */ = {isa = PBXFileReference; fileEncoding = 4; lastKnownFileType = sourcecode.c.h; path = R3D_LEVEL.h; sourceTree = "<group>"; };
		5F92D9201F12E0D200292A99 /* R3D_LEVEL_CHECKPOINT.cpp */ = {isa = PBXFileReference; fileEncoding = 4; lastKnownFileType = sourcecode.cpp.cpp; path = R3D_LEVEL_CHECKPOINT.cpp; sourceTree = "<group>"; };
		5F92D9211F12E0D200292A99 /* R3D_LEVEL_CHECKPOINT.h */ = {isa = PBXFileReference; fileEncoding = 4; lastKnownFileType = sourcecode.c.h; path = R3D_LEVEL_CHECKPOINT.h; sourceTree = "<group>"; };
		5F92D9231F12E0E100292A99 /* R3D_LEVEL_STARTER.cpp */ = {isa = PBXFileReference; fileEncoding = 4; lastKnownFileType = sourcecode.cpp.cpp; path = R3D_LEVEL_STARTER.cpp; sourceTree = "<group>"; };
		5F92D9241F12E0E100292A99 /* R3D_LEVEL_STARTER.h */ = {isa = PBXFileReference; fileEncoding = 4; lastKnownFileType = sourcecode.c.h; path = R3D_LEVEL_STARTER.h; sourceTree = "<group>"; };
		5F92D9261F12E0F000292A99 /* R3D_LEVEL_TRACK.cpp */ = {isa = PBXFileReference; fileEncoding = 4; lastKnownFileType = sourcecode.cpp.cpp; path = R3D_LEVEL_TRACK.cpp; sourceTree = "<group>"; };
		5F92D9271F12E0F000292A99 /* R3D_LEVEL_TRACK.h */ = {isa = PBXFileReference; fileEncoding = 4; lastKnownFileType = sourcecode.c.h; path = R3D_LEVEL_TRACK.h; sourceTree = "<group>"; };
		5F92D9291F12E11600292A99 /* R3D_PLAYER.cpp */ = {isa = PBXFileReference; fileEncoding = 4; lastKnownFileType = sourcecode.cpp.cpp; path = R3D_PLAYER.cpp; sourceTree = "<group>"; };
		5F92D92A1F12E11600292A99 /* R3D_PLAYER.h */ = {isa = PBXFileReference; fileEncoding = 4; lastKnownFileType = sourcecode.c.h; path = R3D_PLAYER.h; sourceTree = "<group>"; };
		5F92D92C1F12E12200292A99 /* R3D_PLAYER_SHIP.cpp */ = {isa = PBXFileReference; fileEncoding = 4; lastKnownFileType = sourcecode.cpp.cpp; path = R3D_PLAYER_SHIP.cpp; sourceTree = "<group>"; };
		5F92D92D1F12E12200292A99 /* R3D_PLAYER_SHIP.h */ = {isa = PBXFileReference; fileEncoding = 4; lastKnownFileType = sourcecode.c.h; path = R3D_PLAYER_SHIP.h; sourceTree = "<group>"; };
		5F92D92F1F12E12D00292A99 /* R3D_PLAYER_PART.cpp */ = {isa = PBXFileReference; fileEncoding = 4; lastKnownFileType = sourcecode.cpp.cpp; path = R3D_PLAYER_PART.cpp; sourceTree = "<group>"; };
		5F92D9301F12E12D00292A99 /* R3D_PLAYER_PART.h */ = {isa = PBXFileReference; fileEncoding = 4; lastKnownFileType = sourcecode.c.h; path = R3D_PLAYER_PART.h; sourceTree = "<group>"; };
		5F92D9331F12E15C00292A99 /* R3D_AUDIO_MUSIC_MANAGER.cpp */ = {isa = PBXFileReference; fileEncoding = 4; lastKnownFileType = sourcecode.cpp.cpp; path = R3D_AUDIO_MUSIC_MANAGER.cpp; sourceTree = "<group>"; };
		5F92D9341F12E15C00292A99 /* R3D_AUDIO_MUSIC_MANAGER.h */ = {isa = PBXFileReference; fileEncoding = 4; lastKnownFileType = sourcecode.c.h; path = R3D_AUDIO_MUSIC_MANAGER.h; sourceTree = "<group>"; };
		5F92D9361F12E1E100292A99 /* R3D_PLAYER_PARTS_COLLECTION.cpp */ = {isa = PBXFileReference; fileEncoding = 4; lastKnownFileType = sourcecode.cpp.cpp; path = R3D_PLAYER_PARTS_COLLECTION.cpp; sourceTree = "<group>"; };
		5F92D9371F12E1E100292A99 /* R3D_PLAYER_PARTS_COLLECTION.h */ = {isa = PBXFileReference; fileEncoding = 4; lastKnownFileType = sourcecode.c.h; path = R3D_PLAYER_PARTS_COLLECTION.h; sourceTree = "<group>"; };
		5F92D9391F12E1ED00292A99 /* R3D_PLAYER_SHIPS_COLLECTION.cpp */ = {isa = PBXFileReference; fileEncoding = 4; lastKnownFileType = sourcecode.cpp.cpp; path = R3D_PLAYER_SHIPS_COLLECTION.cpp; sourceTree = "<group>"; };
		5F92D93A1F12E1ED00292A99 /* R3D_PLAYER_SHIPS_COLLECTION.h */ = {isa = PBXFileReference; fileEncoding = 4; lastKnownFileType = sourcecode.c.h; path = R3D_PLAYER_SHIPS_COLLECTION.h; sourceTree = "<group>"; };
		5F92D93D1F12E65100292A99 /* LEVEL_ENVIRONMENT.cpp */ = {isa = PBXFileReference; fileEncoding = 4; lastKnownFileType = sourcecode.cpp.cpp; path = LEVEL_ENVIRONMENT.cpp; sourceTree = "<group>"; };
		5F92D93E1F12E65100292A99 /* LEVEL_ENVIRONMENT.h */ = {isa = PBXFileReference; fileEncoding = 4; lastKnownFileType = sourcecode.c.h; path = LEVEL_ENVIRONMENT.h; sourceTree = "<group>"; };
		5F92DBA11F16472A00292A99 /* AppKit.framework */ = {isa = PBXFileReference; lastKnownFileType = wrapper.framework; name = AppKit.framework; path = System/Library/Frameworks/AppKit.framework; sourceTree = SDKROOT; };
		5F92DBA31F16472F00292A99 /* Carbon.framework */ = {isa = PBXFileReference; lastKnownFileType = wrapper.framework; name = Carbon.framework; path = System/Library/Frameworks/Carbon.framework; sourceTree = SDKROOT; };
		5F92DBA51F16473500292A99 /* CoreAudio.framework */ = {isa = PBXFileReference; lastKnownFileType = wrapper.framework; name = CoreAudio.framework; path = System/Library/Frameworks/CoreAudio.framework; sourceTree = SDKROOT; };
		5F92DBA71F16473B00292A99 /* libz.tbd */ = {isa = PBXFileReference; lastKnownFileType = "sourcecode.text-based-dylib-definition"; name = libz.tbd; path = usr/lib/libz.tbd; sourceTree = SDKROOT; };
		5F92DBA91F16475B00292A99 /* Cocoa.framework */ = {isa = PBXFileReference; lastKnownFileType = wrapper.framework; name = Cocoa.framework; path = System/Library/Frameworks/Cocoa.framework; sourceTree = SDKROOT; };
		5F92DBAB1F16478500292A99 /* OpenGL.framework */ = {isa = PBXFileReference; lastKnownFileType = wrapper.framework; name = OpenGL.framework; path = System/Library/Frameworks/OpenGL.framework; sourceTree = SDKROOT; };
		5F92DBAD1F16478900292A99 /* AVFoundation.framework */ = {isa = PBXFileReference; lastKnownFileType = wrapper.framework; name = AVFoundation.framework; path = System/Library/Frameworks/AVFoundation.framework; sourceTree = SDKROOT; };
		5F92DBAF1F16479D00292A99 /* GLKit.framework */ = {isa = PBXFileReference; lastKnownFileType = wrapper.framework; name = GLKit.framework; path = System/Library/Frameworks/GLKit.framework; sourceTree = SDKROOT; };
		5F92DBF41F16497D00292A99 /* libBox2D.a */ = {isa = PBXFileReference; lastKnownFileType = archive.ar; path = libBox2D.a; sourceTree = "<group>"; };
		5F92DBF51F16497D00292A99 /* libbuffer.a */ = {isa = PBXFileReference; lastKnownFileType = archive.ar; path = libbuffer.a; sourceTree = "<group>"; };
		5F92DBF61F16497D00292A99 /* libBullet2FileLoader.a */ = {isa = PBXFileReference; lastKnownFileType = archive.ar; path = libBullet2FileLoader.a; sourceTree = "<group>"; };
		5F92DBF71F16497D00292A99 /* libBullet3AppSupport.a */ = {isa = PBXFileReference; lastKnownFileType = archive.ar; path = libBullet3AppSupport.a; sourceTree = "<group>"; };
		5F92DBF81F16497D00292A99 /* libBullet3Collision.a */ = {isa = PBXFileReference; lastKnownFileType = archive.ar; path = libBullet3Collision.a; sourceTree = "<group>"; };
		5F92DBF91F16497D00292A99 /* libBullet3Common.a */ = {isa = PBXFileReference; lastKnownFileType = archive.ar; path = libBullet3Common.a; sourceTree = "<group>"; };
		5F92DBFA1F16497D00292A99 /* libBullet3Dynamics.a */ = {isa = PBXFileReference; lastKnownFileType = archive.ar; path = libBullet3Dynamics.a; sourceTree = "<group>"; };
		5F92DBFB1F16497D00292A99 /* libBullet3Geometry.a */ = {isa = PBXFileReference; lastKnownFileType = archive.ar; path = libBullet3Geometry.a; sourceTree = "<group>"; };
		5F92DBFC1F16497D00292A99 /* libBullet3OpenCL_clew.a */ = {isa = PBXFileReference; lastKnownFileType = archive.ar; path = libBullet3OpenCL_clew.a; sourceTree = "<group>"; };
		5F92DBFD1F16497D00292A99 /* libBulletCollision.a */ = {isa = PBXFileReference; lastKnownFileType = archive.ar; path = libBulletCollision.a; sourceTree = "<group>"; };
		5F92DBFE1F16497D00292A99 /* libBulletDynamics.a */ = {isa = PBXFileReference; lastKnownFileType = archive.ar; path = libBulletDynamics.a; sourceTree = "<group>"; };
		5F92DBFF1F16497D00292A99 /* libBulletFileLoader.a */ = {isa = PBXFileReference; lastKnownFileType = archive.ar; path = libBulletFileLoader.a; sourceTree = "<group>"; };
		5F92DC001F16497D00292A99 /* libBulletSoftBody.a */ = {isa = PBXFileReference; lastKnownFileType = archive.ar; path = libBulletSoftBody.a; sourceTree = "<group>"; };
		5F92DC011F16497D00292A99 /* libBulletWorldImporter.a */ = {isa = PBXFileReference; lastKnownFileType = archive.ar; path = libBulletWorldImporter.a; sourceTree = "<group>"; };
		5F92DC021F16497D00292A99 /* libBulletXmlWorldImporter.a */ = {isa = PBXFileReference; lastKnownFileType = archive.ar; path = libBulletXmlWorldImporter.a; sourceTree = "<group>"; };
		5F92DC031F16497D00292A99 /* libCOLLADABaseUtils.a */ = {isa = PBXFileReference; lastKnownFileType = archive.ar; path = libCOLLADABaseUtils.a; sourceTree = "<group>"; };
		5F92DC041F16497D00292A99 /* libCOLLADAFramework.a */ = {isa = PBXFileReference; lastKnownFileType = archive.ar; path = libCOLLADAFramework.a; sourceTree = "<group>"; };
		5F92DC051F16497D00292A99 /* libCOLLADASaxFrameworkLoader.a */ = {isa = PBXFileReference; lastKnownFileType = archive.ar; path = libCOLLADASaxFrameworkLoader.a; sourceTree = "<group>"; };
		5F92DC061F16497D00292A99 /* libConvexDecomposition.a */ = {isa = PBXFileReference; lastKnownFileType = archive.ar; path = libConvexDecomposition.a; sourceTree = "<group>"; };
		5F92DC071F16497D00292A99 /* libfreetype.a */ = {isa = PBXFileReference; lastKnownFileType = archive.ar; path = libfreetype.a; sourceTree = "<group>"; };
		5F92DC081F16497D00292A99 /* libftoa.a */ = {isa = PBXFileReference; lastKnownFileType = archive.ar; path = libftoa.a; sourceTree = "<group>"; };
		5F92DC091F16497D00292A99 /* libGeneratedSaxParser.a */ = {isa = PBXFileReference; lastKnownFileType = archive.ar; path = libGeneratedSaxParser.a; sourceTree = "<group>"; };
		5F92DC0A1F16497D00292A99 /* libGIMPACTUtils.a */ = {isa = PBXFileReference; lastKnownFileType = archive.ar; path = libGIMPACTUtils.a; sourceTree = "<group>"; };
		5F92DC0B1F16497D00292A99 /* libGLUI.a */ = {isa = PBXFileReference; lastKnownFileType = archive.ar; path = libGLUI.a; sourceTree = "<group>"; };
		5F92DC0C1F16497D00292A99 /* libgtest.a */ = {isa = PBXFileReference; lastKnownFileType = archive.ar; path = libgtest.a; sourceTree = "<group>"; };
		5F92DC0D1F16497D00292A99 /* libgwen.a */ = {isa = PBXFileReference; lastKnownFileType = archive.ar; path = libgwen.a; sourceTree = "<group>"; };
		5F92DC0E1F16497D00292A99 /* libHACD.a */ = {isa = PBXFileReference; lastKnownFileType = archive.ar; path = libHACD.a; sourceTree = "<group>"; };
		5F92DC0F1F16497D00292A99 /* libLIB.a */ = {isa = PBXFileReference; lastKnownFileType = archive.ar; path = libLIB.a; sourceTree = "<group>"; };
		5F92DC101F16497D00292A99 /* libLinearMath.a */ = {isa = PBXFileReference; lastKnownFileType = archive.ar; path = libLinearMath.a; sourceTree = "<group>"; };
		5F92DC111F16497D00292A99 /* liblua-5.2.3.a */ = {isa = PBXFileReference; lastKnownFileType = archive.ar; path = "liblua-5.2.3.a"; sourceTree = "<group>"; };
		5F92DC121F16497D00292A99 /* liblua.a */ = {isa = PBXFileReference; lastKnownFileType = archive.ar; path = liblua.a; sourceTree = "<group>"; };
		5F92DC131F16497D00292A99 /* libMathMLSolver.a */ = {isa = PBXFileReference; lastKnownFileType = archive.ar; path = libMathMLSolver.a; sourceTree = "<group>"; };
		5F92DC141F16497D00292A99 /* libOpenCOLLADABaseUtils.a */ = {isa = PBXFileReference; lastKnownFileType = archive.ar; path = libOpenCOLLADABaseUtils.a; sourceTree = "<group>"; };
		5F92DC151F16497D00292A99 /* libOpenCOLLADAFramework.a */ = {isa = PBXFileReference; lastKnownFileType = archive.ar; path = libOpenCOLLADAFramework.a; sourceTree = "<group>"; };
		5F92DC161F16497D00292A99 /* libOpenCOLLADASaxFrameworkLoader.a */ = {isa = PBXFileReference; lastKnownFileType = archive.ar; path = libOpenCOLLADASaxFrameworkLoader.a; sourceTree = "<group>"; };
		5F92DC171F16497D00292A99 /* libOpenCOLLADAStreamWriter.a */ = {isa = PBXFileReference; lastKnownFileType = archive.ar; path = libOpenCOLLADAStreamWriter.a; sourceTree = "<group>"; };
		5F92DC181F16497D00292A99 /* libOpenGLSupport.a */ = {isa = PBXFileReference; lastKnownFileType = archive.ar; path = libOpenGLSupport.a; sourceTree = "<group>"; };
		5F92DC191F16497D00292A99 /* libOpenGLWindow.a */ = {isa = PBXFileReference; lastKnownFileType = archive.ar; path = libOpenGLWindow.a; sourceTree = "<group>"; };
		5F92DC1A1F16497D00292A99 /* libpcre.a */ = {isa = PBXFileReference; lastKnownFileType = archive.ar; path = libpcre.a; sourceTree = "<group>"; };
		5F92DC1B1F16497D00292A99 /* libpng.a */ = {isa = PBXFileReference; lastKnownFileType = archive.ar; path = libpng.a; sourceTree = "<group>"; };
		5F92DC1C1F16497D00292A99 /* libUTF.a */ = {isa = PBXFileReference; lastKnownFileType = archive.ar; path = libUTF.a; sourceTree = "<group>"; };
		5F92DC1D1F16497D00292A99 /* libuv.a */ = {isa = PBXFileReference; lastKnownFileType = archive.ar; path = libuv.a; sourceTree = "<group>"; };
		5F92DC1E1F16497D00292A99 /* libz.a */ = {isa = PBXFileReference; lastKnownFileType = archive.ar; path = libz.a; sourceTree = "<group>"; };
		5F92DC891F1649BF00292A99 /* AudioToolbox.framework */ = {isa = PBXFileReference; lastKnownFileType = wrapper.framework; name = AudioToolbox.framework; path = System/Library/Frameworks/AudioToolbox.framework; sourceTree = SDKROOT; };
		5F92DC8B1F1649CB00292A99 /* OpenAL.framework */ = {isa = PBXFileReference; lastKnownFileType = wrapper.framework; name = OpenAL.framework; path = System/Library/Frameworks/OpenAL.framework; sourceTree = SDKROOT; };
		5FD11D0A1F16A1A70092E3A7 /* SKYDOME.cpp */ = {isa = PBXFileReference; fileEncoding = 4; lastKnownFileType = sourcecode.cpp.cpp; path = SKYDOME.cpp; sourceTree = "<group>"; };
		5FD11D0B1F16A1A70092E3A7 /* SKYDOME.h */ = {isa = PBXFileReference; fileEncoding = 4; lastKnownFileType = sourcecode.c.h; path = SKYDOME.h; sourceTree = "<group>"; };
		5FD11D0D1F16A1AF0092E3A7 /* TERRAIN.cpp */ = {isa = PBXFileReference; fileEncoding = 4; lastKnownFileType = sourcecode.cpp.cpp; path = TERRAIN.cpp; sourceTree = "<group>"; };
		5FD11D0E1F16A1AF0092E3A7 /* TERRAIN.h */ = {isa = PBXFileReference; fileEncoding = 4; lastKnownFileType = sourcecode.c.h; path = TERRAIN.h; sourceTree = "<group>"; };
		5FD11D111F17954C0092E3A7 /* R3D_PLAYER_INPUT.cpp */ = {isa = PBXFileReference; fileEncoding = 4; lastKnownFileType = sourcecode.cpp.cpp; path = R3D_PLAYER_INPUT.cpp; sourceTree = "<group>"; };
		5FD11D121F17954C0092E3A7 /* R3D_PLAYER_INPUT.h */ = {isa = PBXFileReference; fileEncoding = 4; lastKnownFileType = sourcecode.c.h; path = R3D_PLAYER_INPUT.h; sourceTree = "<group>"; };
		5FD11D2A1F1B7EA90092E3A7 /* R3D_RENDER.cpp */ = {isa = PBXFileReference; fileEncoding = 4; lastKnownFileType = sourcecode.cpp.cpp; path = R3D_RENDER.cpp; sourceTree = "<group>"; };
		5FD11D2B1F1B7EA90092E3A7 /* R3D_RENDER.h */ = {isa = PBXFileReference; fileEncoding = 4; lastKnownFileType = sourcecode.c.h; path = R3D_RENDER.h; sourceTree = "<group>"; };
		5FD11D2D1F1B820B0092E3A7 /* R3D_RESOURCES.cpp */ = {isa = PBXFileReference; fileEncoding = 4; lastKnownFileType = sourcecode.cpp.cpp; path = R3D_RESOURCES.cpp; sourceTree = "<group>"; };
		5FD11D2E1F1B820B0092E3A7 /* R3D_RESOURCES.h */ = {isa = PBXFileReference; fileEncoding = 4; lastKnownFileType = sourcecode.c.h; path = R3D_RESOURCES.h; sourceTree = "<group>"; };
		5FD11D311F1B9DB00092E3A7 /* GAMEPLAY_HELPER.cpp */ = {isa = PBXFileReference; fileEncoding = 4; lastKnownFileType = sourcecode.cpp.cpp; path = GAMEPLAY_HELPER.cpp; sourceTree = "<group>"; };
		5FD11D321F1B9DB00092E3A7 /* GAMEPLAY_HELPER.h */ = {isa = PBXFileReference; fileEncoding = 4; lastKnownFileType = sourcecode.c.h; path = GAMEPLAY_HELPER.h; sourceTree = "<group>"; };
/* End PBXFileReference section */

/* Begin PBXFrameworksBuildPhase section */
		32F248191EA433F200D19613 /* Frameworks */ = {
			isa = PBXFrameworksBuildPhase;
			buildActionMask = 2147483647;
			files = (
				5F92DC8C1F1649CB00292A99 /* OpenAL.framework in Frameworks */,
				5F92DC8A1F1649BF00292A99 /* AudioToolbox.framework in Frameworks */,
				5F92DBA61F16473500292A99 /* CoreAudio.framework in Frameworks */,
				5F92DBB01F16479D00292A99 /* GLKit.framework in Frameworks */,
				5F92DC801F16497D00292A99 /* libOpenCOLLADASaxFrameworkLoader.a in Frameworks */,
				5F92DC7E1F16497D00292A99 /* libOpenCOLLADABaseUtils.a in Frameworks */,
				5F92DC6D1F16497D00292A99 /* libCOLLADABaseUtils.a in Frameworks */,
				5F92DC631F16497D00292A99 /* libBullet3Common.a in Frameworks */,
				5F92DC6C1F16497D00292A99 /* libBulletXmlWorldImporter.a in Frameworks */,
				5F92DC771F16497D00292A99 /* libgwen.a in Frameworks */,
				5F92DBAE1F16478900292A99 /* AVFoundation.framework in Frameworks */,
				5F92DC7F1F16497D00292A99 /* libOpenCOLLADAFramework.a in Frameworks */,
				5F92DC7B1F16497D00292A99 /* liblua-5.2.3.a in Frameworks */,
				5F92DC681F16497D00292A99 /* libBulletDynamics.a in Frameworks */,
				5F92DC6A1F16497D00292A99 /* libBulletSoftBody.a in Frameworks */,
				5F92DC6F1F16497D00292A99 /* libCOLLADASaxFrameworkLoader.a in Frameworks */,
				5F92DC761F16497D00292A99 /* libgtest.a in Frameworks */,
				5F92DC731F16497D00292A99 /* libGeneratedSaxParser.a in Frameworks */,
				5F92DC5E1F16497D00292A99 /* libBox2D.a in Frameworks */,
				5F92DBAC1F16478500292A99 /* OpenGL.framework in Frameworks */,
				5F92DC751F16497D00292A99 /* libGLUI.a in Frameworks */,
				5F92DC711F16497D00292A99 /* libfreetype.a in Frameworks */,
				5F92DC7C1F16497D00292A99 /* liblua.a in Frameworks */,
				5F92DBAA1F16475B00292A99 /* Cocoa.framework in Frameworks */,
				5F92DC881F16497D00292A99 /* libz.a in Frameworks */,
				5F92DBA81F16473B00292A99 /* libz.tbd in Frameworks */,
				5F92DC821F16497D00292A99 /* libOpenGLSupport.a in Frameworks */,
				5F92DC5F1F16497D00292A99 /* libbuffer.a in Frameworks */,
				5F92DC621F16497D00292A99 /* libBullet3Collision.a in Frameworks */,
				5F92DC651F16497D00292A99 /* libBullet3Geometry.a in Frameworks */,
				5F92DC741F16497D00292A99 /* libGIMPACTUtils.a in Frameworks */,
				5F92DC841F16497D00292A99 /* libpcre.a in Frameworks */,
				5F92DC781F16497D00292A99 /* libHACD.a in Frameworks */,
				5F92DC661F16497D00292A99 /* libBullet3OpenCL_clew.a in Frameworks */,
				5F92DC861F16497D00292A99 /* libUTF.a in Frameworks */,
				5F92DBA41F16472F00292A99 /* Carbon.framework in Frameworks */,
				5F92DC641F16497D00292A99 /* libBullet3Dynamics.a in Frameworks */,
				5F92DC811F16497D00292A99 /* libOpenCOLLADAStreamWriter.a in Frameworks */,
				5F92DC851F16497D00292A99 /* libpng.a in Frameworks */,
				5F92DC601F16497D00292A99 /* libBullet2FileLoader.a in Frameworks */,
				5F92DC6E1F16497D00292A99 /* libCOLLADAFramework.a in Frameworks */,
				5F92DC871F16497D00292A99 /* libuv.a in Frameworks */,
				5F92DC7D1F16497D00292A99 /* libMathMLSolver.a in Frameworks */,
				5F92DC721F16497D00292A99 /* libftoa.a in Frameworks */,
				5F92DC611F16497D00292A99 /* libBullet3AppSupport.a in Frameworks */,
				5F92DBA21F16472A00292A99 /* AppKit.framework in Frameworks */,
				5F92DC831F16497D00292A99 /* libOpenGLWindow.a in Frameworks */,
				5F92DC6B1F16497D00292A99 /* libBulletWorldImporter.a in Frameworks */,
				5F92DC7A1F16497D00292A99 /* libLinearMath.a in Frameworks */,
				5F92DC671F16497D00292A99 /* libBulletCollision.a in Frameworks */,
				5F92DC691F16497D00292A99 /* libBulletFileLoader.a in Frameworks */,
				5F92DC791F16497D00292A99 /* libLIB.a in Frameworks */,
				5F92DC701F16497D00292A99 /* libConvexDecomposition.a in Frameworks */,
			);
			runOnlyForDeploymentPostprocessing = 0;
		};
/* End PBXFrameworksBuildPhase section */

/* Begin PBXGroup section */
		32F248131EA433F200D19613 = {
			isa = PBXGroup;
			children = (
				5F92DBB31F16497D00292A99 /* COMPILED_LIBS_OSX */,
				32F24B971EA4345000D19613 /* CODE */,
				32F2481E1EA433F200D19613 /* RUN3D */,
				32F2481D1EA433F200D19613 /* Products */,
				5F92DBA01F16472A00292A99 /* Frameworks */,
			);
			sourceTree = "<group>";
		};
		32F2481D1EA433F200D19613 /* Products */ = {
			isa = PBXGroup;
			children = (
				32F2481C1EA433F200D19613 /* RUN3D.app */,
			);
			name = Products;
			sourceTree = "<group>";
		};
		32F2481E1EA433F200D19613 /* RUN3D */ = {
			isa = PBXGroup;
			children = (
				32F2481F1EA433F200D19613 /* AppDelegate.h */,
				32F248201EA433F200D19613 /* AppDelegate.m */,
				32F248251EA433F200D19613 /* ViewController.h */,
				32F248261EA433F200D19613 /* ViewController.m */,
				32F248281EA433F200D19613 /* Assets.xcassets */,
				32F2482A1EA433F200D19613 /* Main.storyboard */,
				32F2482D1EA433F200D19613 /* Info.plist */,
				32F248221EA433F200D19613 /* Supporting Files */,
			);
			path = RUN3D;
			sourceTree = "<group>";
		};
		32F248221EA433F200D19613 /* Supporting Files */ = {
			isa = PBXGroup;
			children = (
				32F248231EA433F200D19613 /* main.m */,
			);
			name = "Supporting Files";
			sourceTree = "<group>";
		};
		32F24B971EA4345000D19613 /* CODE */ = {
			isa = PBXGroup;
			children = (
				5F76D0771F71B8E1004BEF48 /* PHYSICS */,
				32F24B981EA4345000D19613 /* APPLICATION */,
				5F92D8F81F12A59600292A99 /* AUDIO */,
				5F92D8F91F12A59600292A99 /* GAMEPLAY */,
				5F92D8FA1F12A59600292A99 /* GRAPHICS */,
				5F92D8FB1F12A59600292A99 /* RESOURCE */,
				5F92D8FC1F12A59600292A99 /* UI */,
			);
			name = CODE;
			path = ../../../CODE;
			sourceTree = "<group>";
		};
		32F24B981EA4345000D19613 /* APPLICATION */ = {
			isa = PBXGroup;
			children = (
				32F24B991EA4345000D19613 /* APPLICATION_CONFIGURATION.cpp */,
				32F24B9A1EA4345000D19613 /* APPLICATION_CONFIGURATION.h */,
				32F24B9B1EA4345000D19613 /* RUN3D_APPLICATION.cpp */,
				32F24B9C1EA4345000D19613 /* RUN3D_APPLICATION.h */,
			);
			path = APPLICATION;
			sourceTree = "<group>";
		};
		5F76D06E1F71B48B004BEF48 /* COMPONENTS */ = {
			isa = PBXGroup;
			children = (
			);
			path = COMPONENTS;
			sourceTree = "<group>";
		};
		5F76D06F1F71B48B004BEF48 /* SCREENS */ = {
			isa = PBXGroup;
			children = (
				5F76D0701F71B48B004BEF48 /* LOADER */,
				5F76D0711F71B48B004BEF48 /* MAIN */,
				5F76D0721F71B48B004BEF48 /* MULTIPLAYER */,
				5F76D0731F71B48B004BEF48 /* OPTIONS */,
			);
			path = SCREENS;
			sourceTree = "<group>";
		};
		5F76D0701F71B48B004BEF48 /* LOADER */ = {
			isa = PBXGroup;
			children = (
			);
			path = LOADER;
			sourceTree = "<group>";
		};
		5F76D0711F71B48B004BEF48 /* MAIN */ = {
			isa = PBXGroup;
			children = (
				5F76D0741F71B49C004BEF48 /* UI_MAIN_MENU.cpp */,
				5F76D0751F71B49C004BEF48 /* UI_MAIN_MENU.h */,
			);
			path = MAIN;
			sourceTree = "<group>";
		};
		5F76D0721F71B48B004BEF48 /* MULTIPLAYER */ = {
			isa = PBXGroup;
			children = (
			);
			path = MULTIPLAYER;
			sourceTree = "<group>";
		};
		5F76D0731F71B48B004BEF48 /* OPTIONS */ = {
			isa = PBXGroup;
			children = (
			);
			path = OPTIONS;
			sourceTree = "<group>";
		};
		5F76D0771F71B8E1004BEF48 /* PHYSICS */ = {
			isa = PBXGroup;
			children = (
				5F76D0781F71B8ED004BEF48 /* PHYSICS_COLLISION_FILTER.cpp */,
				5F76D0791F71B8ED004BEF48 /* PHYSICS_COLLISION_FILTER.h */,
			);
			path = PHYSICS;
			sourceTree = "<group>";
		};
		5F92D8F81F12A59600292A99 /* AUDIO */ = {
			isa = PBXGroup;
			children = (
				5F92D9321F12E14C00292A99 /* MUSIC */,
			);
			path = AUDIO;
			sourceTree = "<group>";
		};
		5F92D8F91F12A59600292A99 /* GAMEPLAY */ = {
			isa = PBXGroup;
			children = (
				5FD11D301F1B9DA90092E3A7 /* HELPER */,
				5F92D9161F12E07F00292A99 /* GAME */,
				5F92D8FD1F12DCD000292A99 /* LEVEL */,
				5F92D8FE1F12DCD000292A99 /* PLAYER */,
			);
			path = GAMEPLAY;
			sourceTree = "<group>";
		};
		5F92D8FA1F12A59600292A99 /* GRAPHICS */ = {
			isa = PBXGroup;
			children = (
				5FD11D291F1B7E9C0092E3A7 /* RENDER */,
				5FD11D091F16A1940092E3A7 /* BACKGROUND */,
			);
			path = GRAPHICS;
			sourceTree = "<group>";
		};
		5F92D8FB1F12A59600292A99 /* RESOURCE */ = {
			isa = PBXGroup;
			children = (
				5FD11D2D1F1B820B0092E3A7 /* R3D_RESOURCES.cpp */,
				5FD11D2E1F1B820B0092E3A7 /* R3D_RESOURCES.h */,
			);
			path = RESOURCE;
			sourceTree = "<group>";
		};
		5F92D8FC1F12A59600292A99 /* UI */ = {
			isa = PBXGroup;
			children = (
				5F76D06E1F71B48B004BEF48 /* COMPONENTS */,
				5F76D06F1F71B48B004BEF48 /* SCREENS */,
			);
			path = UI;
			sourceTree = "<group>";
		};
		5F92D8FD1F12DCD000292A99 /* LEVEL */ = {
			isa = PBXGroup;
			children = (
				5F92D93C1F12E64400292A99 /* ENVIRONMENT */,
				5F92D9111F12DDAA00292A99 /* CHECKPOINT */,
				5F92D9121F12DDAA00292A99 /* STARTER */,
				5F92D9131F12DDAA00292A99 /* TRACK */,
				5F92D91D1F12E0C400292A99 /* R3D_LEVEL.cpp */,
				5F92D91E1F12E0C400292A99 /* R3D_LEVEL.h */,
			);
			path = LEVEL;
			sourceTree = "<group>";
		};
		5F92D8FE1F12DCD000292A99 /* PLAYER */ = {
			isa = PBXGroup;
			children = (
				5FD11D101F1795400092E3A7 /* INPUT */,
				5F92D9141F12DEA700292A99 /* PARTS */,
				5F92D9151F12DEA700292A99 /* SHIP */,
				5F92D9291F12E11600292A99 /* R3D_PLAYER.cpp */,
				5F92D92A1F12E11600292A99 /* R3D_PLAYER.h */,
			);
			path = PLAYER;
			sourceTree = "<group>";
		};
		5F92D9111F12DDAA00292A99 /* CHECKPOINT */ = {
			isa = PBXGroup;
			children = (
				5F92D9201F12E0D200292A99 /* R3D_LEVEL_CHECKPOINT.cpp */,
				5F92D9211F12E0D200292A99 /* R3D_LEVEL_CHECKPOINT.h */,
			);
			path = CHECKPOINT;
			sourceTree = "<group>";
		};
		5F92D9121F12DDAA00292A99 /* STARTER */ = {
			isa = PBXGroup;
			children = (
				5F92D9231F12E0E100292A99 /* R3D_LEVEL_STARTER.cpp */,
				5F92D9241F12E0E100292A99 /* R3D_LEVEL_STARTER.h */,
			);
			path = STARTER;
			sourceTree = "<group>";
		};
		5F92D9131F12DDAA00292A99 /* TRACK */ = {
			isa = PBXGroup;
			children = (
				5F92D9261F12E0F000292A99 /* R3D_LEVEL_TRACK.cpp */,
				5F92D9271F12E0F000292A99 /* R3D_LEVEL_TRACK.h */,
			);
			path = TRACK;
			sourceTree = "<group>";
		};
		5F92D9141F12DEA700292A99 /* PARTS */ = {
			isa = PBXGroup;
			children = (
				5F92D92F1F12E12D00292A99 /* R3D_PLAYER_PART.cpp */,
				5F92D9301F12E12D00292A99 /* R3D_PLAYER_PART.h */,
				5F92D9361F12E1E100292A99 /* R3D_PLAYER_PARTS_COLLECTION.cpp */,
				5F92D9371F12E1E100292A99 /* R3D_PLAYER_PARTS_COLLECTION.h */,
			);
			path = PARTS;
			sourceTree = "<group>";
		};
		5F92D9151F12DEA700292A99 /* SHIP */ = {
			isa = PBXGroup;
			children = (
				5F92D92C1F12E12200292A99 /* R3D_PLAYER_SHIP.cpp */,
				5F92D92D1F12E12200292A99 /* R3D_PLAYER_SHIP.h */,
				5F92D9391F12E1ED00292A99 /* R3D_PLAYER_SHIPS_COLLECTION.cpp */,
				5F92D93A1F12E1ED00292A99 /* R3D_PLAYER_SHIPS_COLLECTION.h */,
			);
			path = SHIP;
			sourceTree = "<group>";
		};
		5F92D9161F12E07F00292A99 /* GAME */ = {
			isa = PBXGroup;
			children = (
				5F92D9171F12E09500292A99 /* R3D_GAMEPLAY_GAME.cpp */,
				5F92D9181F12E09500292A99 /* R3D_GAMEPLAY_GAME.h */,
				5F92D91A1F12E0A400292A99 /* R3D_GAMEPLAY_GAME_PROGRESSION.cpp */,
				5F92D91B1F12E0A400292A99 /* R3D_GAMEPLAY_GAME_PROGRESSION.h */,
			);
			path = GAME;
			sourceTree = "<group>";
		};
		5F92D9321F12E14C00292A99 /* MUSIC */ = {
			isa = PBXGroup;
			children = (
				5F92D9331F12E15C00292A99 /* R3D_AUDIO_MUSIC_MANAGER.cpp */,
				5F92D9341F12E15C00292A99 /* R3D_AUDIO_MUSIC_MANAGER.h */,
			);
			path = MUSIC;
			sourceTree = "<group>";
		};
		5F92D93C1F12E64400292A99 /* ENVIRONMENT */ = {
			isa = PBXGroup;
			children = (
				5F92D93D1F12E65100292A99 /* LEVEL_ENVIRONMENT.cpp */,
				5F92D93E1F12E65100292A99 /* LEVEL_ENVIRONMENT.h */,
			);
			path = ENVIRONMENT;
			sourceTree = "<group>";
		};
		5F92DBA01F16472A00292A99 /* Frameworks */ = {
			isa = PBXGroup;
			children = (
				5F92DC8B1F1649CB00292A99 /* OpenAL.framework */,
				5F92DC891F1649BF00292A99 /* AudioToolbox.framework */,
				5F92DBAF1F16479D00292A99 /* GLKit.framework */,
				5F92DBAD1F16478900292A99 /* AVFoundation.framework */,
				5F92DBAB1F16478500292A99 /* OpenGL.framework */,
				5F92DBA91F16475B00292A99 /* Cocoa.framework */,
				5F92DBA71F16473B00292A99 /* libz.tbd */,
				5F92DBA51F16473500292A99 /* CoreAudio.framework */,
				5F92DBA31F16472F00292A99 /* Carbon.framework */,
				5F92DBA11F16472A00292A99 /* AppKit.framework */,
			);
			name = Frameworks;
			sourceTree = "<group>";
		};
		5F92DBB31F16497D00292A99 /* COMPILED_LIBS_OSX */ = {
			isa = PBXGroup;
			children = (
				5F92DBF41F16497D00292A99 /* libBox2D.a */,
				5F92DBF51F16497D00292A99 /* libbuffer.a */,
				5F92DBF61F16497D00292A99 /* libBullet2FileLoader.a */,
				5F92DBF71F16497D00292A99 /* libBullet3AppSupport.a */,
				5F92DBF81F16497D00292A99 /* libBullet3Collision.a */,
				5F92DBF91F16497D00292A99 /* libBullet3Common.a */,
				5F92DBFA1F16497D00292A99 /* libBullet3Dynamics.a */,
				5F92DBFB1F16497D00292A99 /* libBullet3Geometry.a */,
				5F92DBFC1F16497D00292A99 /* libBullet3OpenCL_clew.a */,
				5F92DBFD1F16497D00292A99 /* libBulletCollision.a */,
				5F92DBFE1F16497D00292A99 /* libBulletDynamics.a */,
				5F92DBFF1F16497D00292A99 /* libBulletFileLoader.a */,
				5F92DC001F16497D00292A99 /* libBulletSoftBody.a */,
				5F92DC011F16497D00292A99 /* libBulletWorldImporter.a */,
				5F92DC021F16497D00292A99 /* libBulletXmlWorldImporter.a */,
				5F92DC031F16497D00292A99 /* libCOLLADABaseUtils.a */,
				5F92DC041F16497D00292A99 /* libCOLLADAFramework.a */,
				5F92DC051F16497D00292A99 /* libCOLLADASaxFrameworkLoader.a */,
				5F92DC061F16497D00292A99 /* libConvexDecomposition.a */,
				5F92DC071F16497D00292A99 /* libfreetype.a */,
				5F92DC081F16497D00292A99 /* libftoa.a */,
				5F92DC091F16497D00292A99 /* libGeneratedSaxParser.a */,
				5F92DC0A1F16497D00292A99 /* libGIMPACTUtils.a */,
				5F92DC0B1F16497D00292A99 /* libGLUI.a */,
				5F92DC0C1F16497D00292A99 /* libgtest.a */,
				5F92DC0D1F16497D00292A99 /* libgwen.a */,
				5F92DC0E1F16497D00292A99 /* libHACD.a */,
				5F92DC0F1F16497D00292A99 /* libLIB.a */,
				5F92DC101F16497D00292A99 /* libLinearMath.a */,
				5F92DC111F16497D00292A99 /* liblua-5.2.3.a */,
				5F92DC121F16497D00292A99 /* liblua.a */,
				5F92DC131F16497D00292A99 /* libMathMLSolver.a */,
				5F92DC141F16497D00292A99 /* libOpenCOLLADABaseUtils.a */,
				5F92DC151F16497D00292A99 /* libOpenCOLLADAFramework.a */,
				5F92DC161F16497D00292A99 /* libOpenCOLLADASaxFrameworkLoader.a */,
				5F92DC171F16497D00292A99 /* libOpenCOLLADAStreamWriter.a */,
				5F92DC181F16497D00292A99 /* libOpenGLSupport.a */,
				5F92DC191F16497D00292A99 /* libOpenGLWindow.a */,
				5F92DC1A1F16497D00292A99 /* libpcre.a */,
				5F92DC1B1F16497D00292A99 /* libpng.a */,
				5F92DC1C1F16497D00292A99 /* libUTF.a */,
				5F92DC1D1F16497D00292A99 /* libuv.a */,
				5F92DC1E1F16497D00292A99 /* libz.a */,
			);
			name = COMPILED_LIBS_OSX;
			path = ../../../../../../../../Static/COMPILED_LIBS_OSX;
			sourceTree = "<group>";
		};
		5FD11D091F16A1940092E3A7 /* BACKGROUND */ = {
			isa = PBXGroup;
			children = (
				5FD11D0A1F16A1A70092E3A7 /* SKYDOME.cpp */,
				5FD11D0B1F16A1A70092E3A7 /* SKYDOME.h */,
				5FD11D0D1F16A1AF0092E3A7 /* TERRAIN.cpp */,
				5FD11D0E1F16A1AF0092E3A7 /* TERRAIN.h */,
			);
			path = BACKGROUND;
			sourceTree = "<group>";
		};
		5FD11D101F1795400092E3A7 /* INPUT */ = {
			isa = PBXGroup;
			children = (
				5FD11D111F17954C0092E3A7 /* R3D_PLAYER_INPUT.cpp */,
				5FD11D121F17954C0092E3A7 /* R3D_PLAYER_INPUT.h */,
			);
			name = INPUT;
			path = ../INPUT;
			sourceTree = "<group>";
		};
		5FD11D291F1B7E9C0092E3A7 /* RENDER */ = {
			isa = PBXGroup;
			children = (
				5FD11D2A1F1B7EA90092E3A7 /* R3D_RENDER.cpp */,
				5FD11D2B1F1B7EA90092E3A7 /* R3D_RENDER.h */,
			);
			path = RENDER;
			sourceTree = "<group>";
		};
		5FD11D301F1B9DA90092E3A7 /* HELPER */ = {
			isa = PBXGroup;
			children = (
				5FD11D311F1B9DB00092E3A7 /* GAMEPLAY_HELPER.cpp */,
				5FD11D321F1B9DB00092E3A7 /* GAMEPLAY_HELPER.h */,
			);
			path = HELPER;
			sourceTree = "<group>";
		};
/* End PBXGroup section */

/* Begin PBXNativeTarget section */
		32F2481B1EA433F200D19613 /* RUN3D */ = {
			isa = PBXNativeTarget;
			buildConfigurationList = 32F248301EA433F200D19613 /* Build configuration list for PBXNativeTarget "RUN3D" */;
			buildPhases = (
				32F248181EA433F200D19613 /* Sources */,
				32F248191EA433F200D19613 /* Frameworks */,
				32F2481A1EA433F200D19613 /* Resources */,
			);
			buildRules = (
			);
			dependencies = (
			);
			name = RUN3D;
			productName = RUN3D;
			productReference = 32F2481C1EA433F200D19613 /* RUN3D.app */;
			productType = "com.apple.product-type.application";
		};
/* End PBXNativeTarget section */

/* Begin PBXProject section */
		32F248141EA433F200D19613 /* Project object */ = {
			isa = PBXProject;
			attributes = {
				LastUpgradeCheck = 0830;
				ORGANIZATIONNAME = IGZ;
				TargetAttributes = {
					32F2481B1EA433F200D19613 = {
						CreatedOnToolsVersion = 8.3;
						DevelopmentTeam = 52PVU75796;
						ProvisioningStyle = Automatic;
					};
				};
			};
			buildConfigurationList = 32F248171EA433F200D19613 /* Build configuration list for PBXProject "Run3d" */;
			compatibilityVersion = "Xcode 3.2";
			developmentRegion = English;
			hasScannedForEncodings = 0;
			knownRegions = (
				en,
				Base,
			);
			mainGroup = 32F248131EA433F200D19613;
			productRefGroup = 32F2481D1EA433F200D19613 /* Products */;
			projectDirPath = "";
			projectRoot = "";
			targets = (
				32F2481B1EA433F200D19613 /* RUN3D */,
			);
		};
/* End PBXProject section */

/* Begin PBXResourcesBuildPhase section */
		32F2481A1EA433F200D19613 /* Resources */ = {
			isa = PBXResourcesBuildPhase;
			buildActionMask = 2147483647;
			files = (
				32F248291EA433F200D19613 /* Assets.xcassets in Resources */,
				32F2482C1EA433F200D19613 /* Main.storyboard in Resources */,
			);
			runOnlyForDeploymentPostprocessing = 0;
		};
/* End PBXResourcesBuildPhase section */

/* Begin PBXSourcesBuildPhase section */
		32F248181EA433F200D19613 /* Sources */ = {
			isa = PBXSourcesBuildPhase;
			buildActionMask = 2147483647;
			files = (
				32F248271EA433F200D19613 /* ViewController.m in Sources */,
				5FD11D2C1F1B7EA90092E3A7 /* R3D_RENDER.cpp in Sources */,
				32F24BA21EA4345000D19613 /* APPLICATION_CONFIGURATION.cpp in Sources */,
				5FD11D2F1F1B820B0092E3A7 /* R3D_RESOURCES.cpp in Sources */,
				32F248241EA433F200D19613 /* main.m in Sources */,
				5F92D91C1F12E0A400292A99 /* R3D_GAMEPLAY_GAME_PROGRESSION.cpp in Sources */,
				5F92D92B1F12E11600292A99 /* R3D_PLAYER.cpp in Sources */,
				5FD11D131F17954C0092E3A7 /* R3D_PLAYER_INPUT.cpp in Sources */,
				5F92D9281F12E0F000292A99 /* R3D_LEVEL_TRACK.cpp in Sources */,
				5F92D9221F12E0D200292A99 /* R3D_LEVEL_CHECKPOINT.cpp in Sources */,
				5F92D9311F12E12D00292A99 /* R3D_PLAYER_PART.cpp in Sources */,
				5FD11D331F1B9DB00092E3A7 /* GAMEPLAY_HELPER.cpp in Sources */,
				5F92D9191F12E09500292A99 /* R3D_GAMEPLAY_GAME.cpp in Sources */,
				5F92D9381F12E1E100292A99 /* R3D_PLAYER_PARTS_COLLECTION.cpp in Sources */,
				5F76D07A1F71B8ED004BEF48 /* PHYSICS_COLLISION_FILTER.cpp in Sources */,
				5F92D9251F12E0E100292A99 /* R3D_LEVEL_STARTER.cpp in Sources */,
				32F248211EA433F200D19613 /* AppDelegate.m in Sources */,
				5F92D93F1F12E65100292A99 /* LEVEL_ENVIRONMENT.cpp in Sources */,
				5F92D93B1F12E1ED00292A99 /* R3D_PLAYER_SHIPS_COLLECTION.cpp in Sources */,
				5F92D9351F12E15C00292A99 /* R3D_AUDIO_MUSIC_MANAGER.cpp in Sources */,
				5F92D91F1F12E0C400292A99 /* R3D_LEVEL.cpp in Sources */,
				32F24BA31EA4345000D19613 /* RUN3D_APPLICATION.cpp in Sources */,
				5FD11D0F1F16A1AF0092E3A7 /* TERRAIN.cpp in Sources */,
				5F76D0761F71B49C004BEF48 /* UI_MAIN_MENU.cpp in Sources */,
				5FD11D0C1F16A1A70092E3A7 /* SKYDOME.cpp in Sources */,
				5F92D92E1F12E12200292A99 /* R3D_PLAYER_SHIP.cpp in Sources */,
			);
			runOnlyForDeploymentPostprocessing = 0;
		};
/* End PBXSourcesBuildPhase section */

/* Begin PBXVariantGroup section */
		32F2482A1EA433F200D19613 /* Main.storyboard */ = {
			isa = PBXVariantGroup;
			children = (
				32F2482B1EA433F200D19613 /* Base */,
			);
			name = Main.storyboard;
			sourceTree = "<group>";
		};
/* End PBXVariantGroup section */

/* Begin XCBuildConfiguration section */
		32F2482E1EA433F200D19613 /* Debug */ = {
			isa = XCBuildConfiguration;
			buildSettings = {
				ALWAYS_SEARCH_USER_PATHS = NO;
				CLANG_ANALYZER_NONNULL = YES;
				CLANG_ANALYZER_NUMBER_OBJECT_CONVERSION = YES_AGGRESSIVE;
				CLANG_CXX_LANGUAGE_STANDARD = "gnu++0x";
				CLANG_CXX_LIBRARY = "libc++";
				CLANG_ENABLE_MODULES = YES;
				CLANG_ENABLE_OBJC_ARC = YES;
				CLANG_WARN_BOOL_CONVERSION = YES;
				CLANG_WARN_CONSTANT_CONVERSION = YES;
				CLANG_WARN_DIRECT_OBJC_ISA_USAGE = YES_ERROR;
				CLANG_WARN_DOCUMENTATION_COMMENTS = YES;
				CLANG_WARN_EMPTY_BODY = YES;
				CLANG_WARN_ENUM_CONVERSION = YES;
				CLANG_WARN_INFINITE_RECURSION = YES;
				CLANG_WARN_INT_CONVERSION = YES;
				CLANG_WARN_OBJC_ROOT_CLASS = YES_ERROR;
				CLANG_WARN_SUSPICIOUS_MOVE = YES;
				CLANG_WARN_UNREACHABLE_CODE = YES;
				CLANG_WARN__DUPLICATE_METHOD_MATCH = YES;
				CODE_SIGN_IDENTITY = "-";
				COPY_PHASE_STRIP = NO;
				DEBUG_INFORMATION_FORMAT = dwarf;
				ENABLE_STRICT_OBJC_MSGSEND = YES;
				ENABLE_TESTABILITY = YES;
				GCC_C_LANGUAGE_STANDARD = gnu99;
				GCC_DYNAMIC_NO_PIC = NO;
				GCC_NO_COMMON_BLOCKS = YES;
				GCC_OPTIMIZATION_LEVEL = 0;
				GCC_PREPROCESSOR_DEFINITIONS = (
					"DEBUG=1",
					"$(inherited)",
				);
				GCC_WARN_64_TO_32_BIT_CONVERSION = YES;
				GCC_WARN_ABOUT_RETURN_TYPE = YES_ERROR;
				GCC_WARN_UNDECLARED_SELECTOR = YES;
				GCC_WARN_UNINITIALIZED_AUTOS = YES_AGGRESSIVE;
				GCC_WARN_UNUSED_FUNCTION = YES;
				GCC_WARN_UNUSED_VARIABLE = YES;
				MACOSX_DEPLOYMENT_TARGET = 10.12;
				MTL_ENABLE_DEBUG_INFO = YES;
				ONLY_ACTIVE_ARCH = YES;
				SDKROOT = macosx;
			};
			name = Debug;
		};
		32F2482F1EA433F200D19613 /* Release */ = {
			isa = XCBuildConfiguration;
			buildSettings = {
				ALWAYS_SEARCH_USER_PATHS = NO;
				CLANG_ANALYZER_NONNULL = YES;
				CLANG_ANALYZER_NUMBER_OBJECT_CONVERSION = YES_AGGRESSIVE;
				CLANG_CXX_LANGUAGE_STANDARD = "gnu++0x";
				CLANG_CXX_LIBRARY = "libc++";
				CLANG_ENABLE_MODULES = YES;
				CLANG_ENABLE_OBJC_ARC = YES;
				CLANG_WARN_BOOL_CONVERSION = YES;
				CLANG_WARN_CONSTANT_CONVERSION = YES;
				CLANG_WARN_DIRECT_OBJC_ISA_USAGE = YES_ERROR;
				CLANG_WARN_DOCUMENTATION_COMMENTS = YES;
				CLANG_WARN_EMPTY_BODY = YES;
				CLANG_WARN_ENUM_CONVERSION = YES;
				CLANG_WARN_INFINITE_RECURSION = YES;
				CLANG_WARN_INT_CONVERSION = YES;
				CLANG_WARN_OBJC_ROOT_CLASS = YES_ERROR;
				CLANG_WARN_SUSPICIOUS_MOVE = YES;
				CLANG_WARN_UNREACHABLE_CODE = YES;
				CLANG_WARN__DUPLICATE_METHOD_MATCH = YES;
				CODE_SIGN_IDENTITY = "-";
				COPY_PHASE_STRIP = NO;
				DEBUG_INFORMATION_FORMAT = "dwarf-with-dsym";
				ENABLE_NS_ASSERTIONS = NO;
				ENABLE_STRICT_OBJC_MSGSEND = YES;
				GCC_C_LANGUAGE_STANDARD = gnu99;
				GCC_NO_COMMON_BLOCKS = YES;
				GCC_WARN_64_TO_32_BIT_CONVERSION = YES;
				GCC_WARN_ABOUT_RETURN_TYPE = YES_ERROR;
				GCC_WARN_UNDECLARED_SELECTOR = YES;
				GCC_WARN_UNINITIALIZED_AUTOS = YES_AGGRESSIVE;
				GCC_WARN_UNUSED_FUNCTION = YES;
				GCC_WARN_UNUSED_VARIABLE = YES;
				MACOSX_DEPLOYMENT_TARGET = 10.12;
				MTL_ENABLE_DEBUG_INFO = NO;
				SDKROOT = macosx;
			};
			name = Release;
		};
		32F248311EA433F200D19613 /* Debug */ = {
			isa = XCBuildConfiguration;
			buildSettings = {
				ASSETCATALOG_COMPILER_APPICON_NAME = AppIcon;
				COMBINE_HIDPI_IMAGES = YES;
				DEVELOPMENT_TEAM = 52PVU75796;
				FRAMEWORK_SEARCH_PATHS = (
					"$(DEVELOPER_FRAMEWORKS_DIR)",
					"$(inherited)",
				);
				GCC_PREPROCESSOR_DEFINITIONS = (
					"$(inherited)",
					"OPENGL3=1",
					__X_APP__,
					__PLATFORM_OSX__,
					"__AUDIO_OPENAL__=1",
					GTE_DISABLE_PCH,
					__BULLET_PHYSICS__,
				);
				HEADER_SEARCH_PATHS = (
					"$(inherited)",
					/Applications/Xcode.app/Contents/Developer/Toolchains/XcodeDefault.xctoolchain/usr/include,
					/Users/christophebernard/Develop/Static/boost_1_54_0/,
					"/Users/christophebernard/Develop/Static/lua-5.2.2/src",
					/Users/christophebernard/Develop/Static/libpng/made,
					/Users/christophebernard/Develop/Static/libpng,
					"/Users/christophebernard/Develop/Static/zlib-1.2.8",
					"/Users/christophebernard/Develop/Static/libuv-1.10.1/include",
					/Users/christophebernard/Develop/Static/GeometricTools/GTEngine/Include,
					"/Users/christophebernard/Develop/Static/freetype-2.6.2/include",
					"\"$(PROJECTS_DIRECTORY)/game-engine/LIBRARY/BUILDERS/OPENCOLLADA/HEADERS/COLLADABaseUtils/include\"",
					"\"$(PROJECTS_DIRECTORY)/game-engine/LIBRARY/BUILDERS/OPENCOLLADA/HEADERS/COLLADAFramework\"",
					"\"$(SRCROOT)/../../../../../../LIBRARY/COMMON/BULLET/src/Bullet3Collision\"",
					"\"$(SRCROOT)/../../../../../../LIBRARY/COMMON/BULLET/src/Bullet3Common\"",
					"\"$(SRCROOT)/../../../../../../LIBRARY/COMMON/BULLET/src/Bullet3Dynamics\"",
					"\"$(SRCROOT)/../../../../../../LIBRARY/COMMON/BULLET/src/Bullet3Geometry\"",
					"\"$(SRCROOT)/../../../../../../LIBRARY/COMMON/BULLET/src/Bullet3OpenCL\"",
					"\"$(SRCROOT)/../../../../../../LIBRARY/COMMON/BULLET/src/Bullet3Serialize\"",
					"\"$(SRCROOT)/../../../../../../LIBRARY/COMMON/BULLET/src/BulletCollision\"",
					"\"$(SRCROOT)/../../../../../../LIBRARY/COMMON/BULLET/src/BulletDynamics\"",
					"\"$(SRCROOT)/../../../../../../LIBRARY/COMMON/BULLET/src/BulletInverseDynamics\"",
					"\"$(SRCROOT)/../../../../../../LIBRARY/COMMON/BULLET/src/BulletSoftBody\"",
					"\"$(SRCROOT)/../../../../../../LIBRARY/COMMON/BULLET/src\"",
					"\"$(SRCROOT)/../../../../../../CODE/\"/**",
				);
				INFOPLIST_FILE = RUN3D/Info.plist;
				LD_RUNPATH_SEARCH_PATHS = "$(inherited) @executable_path/../Frameworks";
				LIBRARY_SEARCH_PATHS = (
					"$(inherited)",
					/Users/christophebernard/Develop/Static/COMPILED_LIBS_OSX,
					/Users/christophebernard/Develop/Static/COMPILED_LIBS_OSX/lib,
					"\"$(SRCROOT)/../../../../../../../../../Library/Developer/Xcode/DerivedData/GAME-ENGINE-REBORN-airmaybvevdheleajsmyzuhimeuz/Build/Products\"/**",
				);
				PRODUCT_BUNDLE_IDENTIFIER = be.igz.RUN3D;
				PRODUCT_NAME = "$(TARGET_NAME)";
			};
			name = Debug;
		};
		32F248321EA433F200D19613 /* Release */ = {
			isa = XCBuildConfiguration;
			buildSettings = {
				ASSETCATALOG_COMPILER_APPICON_NAME = AppIcon;
				COMBINE_HIDPI_IMAGES = YES;
				DEVELOPMENT_TEAM = 52PVU75796;
				FRAMEWORK_SEARCH_PATHS = (
					"$(DEVELOPER_FRAMEWORKS_DIR)",
					"$(inherited)",
				);
				HEADER_SEARCH_PATHS = (
					"$(inherited)",
					/Applications/Xcode.app/Contents/Developer/Toolchains/XcodeDefault.xctoolchain/usr/include,
					/Users/christophebernard/Develop/Static/boost_1_54_0/,
					"/Users/christophebernard/Develop/Static/lua-5.2.2/src",
					/Users/christophebernard/Develop/Static/libpng/made,
					/Users/christophebernard/Develop/Static/libpng,
					"/Users/christophebernard/Develop/Static/zlib-1.2.8",
					"/Users/christophebernard/Develop/Static/libuv-1.10.1/include",
					/Users/christophebernard/Develop/Static/GeometricTools/GTEngine/Include,
					"/Users/christophebernard/Develop/Static/freetype-2.6.2/include",
					"\"$(PROJECTS_DIRECTORY)/game-engine/LIBRARY/BUILDERS/OPENCOLLADA/HEADERS/COLLADABaseUtils/include\"",
					"\"$(PROJECTS_DIRECTORY)/game-engine/LIBRARY/BUILDERS/OPENCOLLADA/HEADERS/COLLADAFramework\"",
					"\"$(SRCROOT)/../../LIBRARY/COMMON/BULLET/src\"",
					"\"$(SRCROOT)/../../LIBRARY/COMMON/BULLET/src/Bullet3Collision\"",
					"\"$(SRCROOT)/../../LIBRARY/COMMON/BULLET/src/Bullet3Common\"",
					"\"$(SRCROOT)/../../LIBRARY/COMMON/BULLET/src/Bullet3Geometry\"",
					"\"$(SRCROOT)/../../LIBRARY/COMMON/BULLET/src/Bullet3Dynamics\"",
					"\"$(SRCROOT)/../../LIBRARY/COMMON/BULLET/src/BulletDynamics\"",
					"\"$(SRCROOT)/../../LIBRARY/COMMON/BULLET/src/BulletSoftBody\"",
					"\"$(SRCROOT)/../../LIBRARY/COMMON/BULLET/src/BulletCollision\"",
					"\"$(SRCROOT)/../../../../../../CODE\"/**",
				);
				INFOPLIST_FILE = RUN3D/Info.plist;
				LD_RUNPATH_SEARCH_PATHS = "$(inherited) @executable_path/../Frameworks";
				LIBRARY_SEARCH_PATHS = (
					"$(inherited)",
					/Users/christophebernard/Develop/Static/COMPILED_LIBS_OSX,
					/Users/christophebernard/Develop/Static/COMPILED_LIBS_OSX/lib,
					"\"$(SRCROOT)/../../../../../../../../../Library/Developer/Xcode/DerivedData/GAME-ENGINE-REBORN-airmaybvevdheleajsmyzuhimeuz/Build/Products\"/**",
				);
				PRODUCT_BUNDLE_IDENTIFIER = be.igz.RUN3D;
				PRODUCT_NAME = "$(TARGET_NAME)";
			};
			name = Release;
		};
/* End XCBuildConfiguration section */

/* Begin XCConfigurationList section */
		32F248171EA433F200D19613 /* Build configuration list for PBXProject "Run3d" */ = {
			isa = XCConfigurationList;
			buildConfigurations = (
				32F2482E1EA433F200D19613 /* Debug */,
				32F2482F1EA433F200D19613 /* Release */,
			);
			defaultConfigurationIsVisible = 0;
			defaultConfigurationName = Release;
		};
		32F248301EA433F200D19613 /* Build configuration list for PBXNativeTarget "RUN3D" */ = {
			isa = XCConfigurationList;
			buildConfigurations = (
				32F248311EA433F200D19613 /* Debug */,
				32F248321EA433F200D19613 /* Release */,
			);
			defaultConfigurationIsVisible = 0;
			defaultConfigurationName = Release;
		};
/* End XCConfigurationList section */
	};
	rootObject = 32F248141EA433F200D19613 /* Project object */;
}
